
Microsoft Visual Studio Solution File, Format Version 12.00
# Visual Studio Version 16
VisualStudioVersion = 16.0.29123.88
MinimumVisualStudioVersion = 10.0.40219.1
Project("{FAE04EC0-301F-11D3-BF4B-00C04F79EFBC}") = "TinyTinaBot", "TinyTinaBot\TinyTinaBot.csproj", "{02E8B71E-2574-49D6-BD3C-9CBD540118F9}"
EndProject
Global
	GlobalSection(SolutionConfigurationPlatforms) = preSolution
		Debug|Any CPU = Debug|Any CPU
		Release|Any CPU = Release|Any CPU
	EndGlobalSection
	GlobalSection(ProjectConfigurationPlatforms) = postSolution
		{02E8B71E-2574-49D6-BD3C-9CBD540118F9}.Debug|Any CPU.ActiveCfg = Debug|Any CPU
		{02E8B71E-2574-49D6-BD3C-9CBD540118F9}.Debug|Any CPU.Build.0 = Debug|Any CPU
		{02E8B71E-2574-49D6-BD3C-9CBD540118F9}.Release|Any CPU.ActiveCfg = Release|Any CPU
		{02E8B71E-2574-49D6-BD3C-9CBD540118F9}.Release|Any CPU.Build.0 = Release|Any CPU
	EndGlobalSection
	GlobalSection(SolutionProperties) = preSolution
		HideSolutionNode = FALSE
	EndGlobalSection
	GlobalSection(ExtensibilityGlobals) = postSolution
		SolutionGuid = {6BB958FC-5AAB-421C-9047-4CAD08CAD793}
	EndGlobalSection
EndGlobal
